
Microsoft Visual Studio Solution File, Format Version 12.00
# Visual Studio 15
VisualStudioVersion = 15.0.27703.2026
MinimumVisualStudioVersion = 10.0.40219.1
Project("{FAE04EC0-301F-11D3-BF4B-00C04F79EFBC}") = "ConsoleHelloApp1", "ConsoleHelloApp1\ConsoleHelloApp1.csproj", "{FA5C4EDA-FED2-4640-8B75-4C9468E5531B}"
EndProject
Global
	GlobalSection(SolutionConfigurationPlatforms) = preSolution
		Debug|Any CPU = Debug|Any CPU
		Release|Any CPU = Release|Any CPU
	EndGlobalSection
	GlobalSection(ProjectConfigurationPlatforms) = postSolution
		{FA5C4EDA-FED2-4640-8B75-4C9468E5531B}.Debug|Any CPU.ActiveCfg = Debug|Any CPU
		{FA5C4EDA-FED2-4640-8B75-4C9468E5531B}.Debug|Any CPU.Build.0 = Debug|Any CPU
		{FA5C4EDA-FED2-4640-8B75-4C9468E5531B}.Release|Any CPU.ActiveCfg = Release|Any CPU
		{FA5C4EDA-FED2-4640-8B75-4C9468E5531B}.Release|Any CPU.Build.0 = Release|Any CPU
	EndGlobalSection
	GlobalSection(SolutionProperties) = preSolution
		HideSolutionNode = FALSE
	EndGlobalSection
	GlobalSection(ExtensibilityGlobals) = postSolution
		SolutionGuid = {DE6B6477-0EAE-425D-966C-1087838A38E6}
	EndGlobalSection
EndGlobal
